// !$*UTF8*$!
{
	archiveVersion = 1;
	classes = {
	};
	objectVersion = 56;
	objects = {

/* Begin PBXBuildFile section */
		AE0574F62C47EF6400DC0D2A /* SetupTableViewController.swift in Sources */ = {isa = PBXBuildFile; fileRef = AE0574F52C47EF6400DC0D2A /* SetupTableViewController.swift */; };
		AE0575132C512CB200DC0D2A /* CustomSetup.swift in Sources */ = {isa = PBXBuildFile; fileRef = AE0575122C512CB200DC0D2A /* CustomSetup.swift */; };
		AE0575162C525AF000DC0D2A /* walkTrack2.jpg in Resources */ = {isa = PBXBuildFile; fileRef = AE0575152C525AF000DC0D2A /* walkTrack2.jpg */; };
		AE0575182C525B1200DC0D2A /* NetworkConsole.jpg in Resources */ = {isa = PBXBuildFile; fileRef = AE0575172C525B1200DC0D2A /* NetworkConsole.jpg */; };
		AE05751A2C525B2B00DC0D2A /* voice.png in Resources */ = {isa = PBXBuildFile; fileRef = AE0575192C525B2B00DC0D2A /* voice.png */; };
		AE2EA9D02C26E686009E58E7 /* Localizable.strings in Resources */ = {isa = PBXBuildFile; fileRef = AE2EA9CE2C26E686009E58E7 /* Localizable.strings */; };
		AE3872F32C998B9B00955FFC /* LicenseViewController.swift in Sources */ = {isa = PBXBuildFile; fileRef = AE3872F22C998B9B00955FFC /* LicenseViewController.swift */; };
		AE3872F52C998BD000955FFC /* LicenseTableViewController.swift in Sources */ = {isa = PBXBuildFile; fileRef = AE3872F42C998BD000955FFC /* LicenseTableViewController.swift */; };
		AE3872F72C998BED00955FFC /* LicenseTableViewCell.swift in Sources */ = {isa = PBXBuildFile; fileRef = AE3872F62C998BED00955FFC /* LicenseTableViewCell.swift */; };
		AE3872FB2C998D2C00955FFC /* CustomButton.swift in Sources */ = {isa = PBXBuildFile; fileRef = AE3872FA2C998D2300955FFC /* CustomButton.swift */; };
		AE3872FD2C99B19800955FFC /* LicenseData.swift in Sources */ = {isa = PBXBuildFile; fileRef = AE3872FC2C99B18A00955FFC /* LicenseData.swift */; };
		AE3872FF2C99C71000955FFC /* TapData.swift in Sources */ = {isa = PBXBuildFile; fileRef = AE3872FE2C99C70900955FFC /* TapData.swift */; };
		AEA4DA432C1C8FFD007B714E /* AppDelegate.swift in Sources */ = {isa = PBXBuildFile; fileRef = AEA4DA422C1C8FFD007B714E /* AppDelegate.swift */; };
		AEA4DA452C1C8FFD007B714E /* SceneDelegate.swift in Sources */ = {isa = PBXBuildFile; fileRef = AEA4DA442C1C8FFD007B714E /* SceneDelegate.swift */; };
		AEA4DA472C1C8FFD007B714E /* TapeViewController.swift in Sources */ = {isa = PBXBuildFile; fileRef = AEA4DA462C1C8FFD007B714E /* TapeViewController.swift */; };
		AEA4DA4A2C1C8FFD007B714E /* Base in Resources */ = {isa = PBXBuildFile; fileRef = AEA4DA492C1C8FFD007B714E /* Base */; };
		AEA4DA4C2C1C8FFF007B714E /* Assets.xcassets in Resources */ = {isa = PBXBuildFile; fileRef = AEA4DA4B2C1C8FFF007B714E /* Assets.xcassets */; };
		AEA4DA4F2C1C8FFF007B714E /* Base in Resources */ = {isa = PBXBuildFile; fileRef = AEA4DA4E2C1C8FFF007B714E /* Base */; };
		AEA4DA572C1D1D17007B714E /* CountViewController.swift in Sources */ = {isa = PBXBuildFile; fileRef = AEA4DA562C1D1D17007B714E /* CountViewController.swift */; };
		AEA4DA592C1EF136007B714E /* CountTableViewController.swift in Sources */ = {isa = PBXBuildFile; fileRef = AEA4DA582C1EF136007B714E /* CountTableViewController.swift */; };
		AEA4DA5B2C1EF270007B714E /* CountTableViewCell.swift in Sources */ = {isa = PBXBuildFile; fileRef = AEA4DA5A2C1EF270007B714E /* CountTableViewCell.swift */; };
		AEA4DA5D2C1F0F8F007B714E /* SumTableViewController.swift in Sources */ = {isa = PBXBuildFile; fileRef = AEA4DA5C2C1F0F8F007B714E /* SumTableViewController.swift */; };
		AEA4DA5F2C1F0FA2007B714E /* SumTableViewCell.swift in Sources */ = {isa = PBXBuildFile; fileRef = AEA4DA5E2C1F0FA2007B714E /* SumTableViewCell.swift */; };
		AEDE0C4A2C99441300193531 /* pushing_a_key.mp3 in Resources */ = {isa = PBXBuildFile; fileRef = AEDE0C492C99441300193531 /* pushing_a_key.mp3 */; };
		AEDE0C4C2C9945E700193531 /* mobile_phone_C.mp3 in Resources */ = {isa = PBXBuildFile; fileRef = AEDE0C4B2C9945E700193531 /* mobile_phone_C.mp3 */; };
/* End PBXBuildFile section */

/* Begin PBXFileReference section */
		AE0574F52C47EF6400DC0D2A /* SetupTableViewController.swift */ = {isa = PBXFileReference; lastKnownFileType = sourcecode.swift; path = SetupTableViewController.swift; sourceTree = "<group>"; };
		AE0575122C512CB200DC0D2A /* CustomSetup.swift */ = {isa = PBXFileReference; lastKnownFileType = sourcecode.swift; path = CustomSetup.swift; sourceTree = "<group>"; };
		AE0575152C525AF000DC0D2A /* walkTrack2.jpg */ = {isa = PBXFileReference; lastKnownFileType = image.jpeg; path = walkTrack2.jpg; sourceTree = "<group>"; };
		AE0575172C525B1200DC0D2A /* NetworkConsole.jpg */ = {isa = PBXFileReference; lastKnownFileType = image.jpeg; path = NetworkConsole.jpg; sourceTree = "<group>"; };
		AE0575192C525B2B00DC0D2A /* voice.png */ = {isa = PBXFileReference; lastKnownFileType = image.png; path = voice.png; sourceTree = "<group>"; };
		AE2EA9C02C26D683009E58E7 /* zh-Hant */ = {isa = PBXFileReference; lastKnownFileType = text.plist.strings; name = "zh-Hant"; path = "zh-Hant.lproj/Main.strings"; sourceTree = "<group>"; };
		AE2EA9C12C26D683009E58E7 /* zh-Hant */ = {isa = PBXFileReference; lastKnownFileType = text.plist.strings; name = "zh-Hant"; path = "zh-Hant.lproj/LaunchScreen.strings"; sourceTree = "<group>"; };
		AE2EA9C72C26DAF2009E58E7 /* en */ = {isa = PBXFileReference; lastKnownFileType = text.plist.strings; name = en; path = en.lproj/Main.strings; sourceTree = "<group>"; };
		AE2EA9C92C26DB19009E58E7 /* en */ = {isa = PBXFileReference; lastKnownFileType = text.plist.strings; name = en; path = en.lproj/LaunchScreen.strings; sourceTree = "<group>"; };
		AE2EA9CF2C26E686009E58E7 /* en */ = {isa = PBXFileReference; lastKnownFileType = text.plist.strings; name = en; path = en.lproj/Localizable.strings; sourceTree = "<group>"; };
		AE2EA9D12C26E6AA009E58E7 /* zh-Hant */ = {isa = PBXFileReference; lastKnownFileType = text.plist.strings; name = "zh-Hant"; path = "zh-Hant.lproj/Localizable.strings"; sourceTree = "<group>"; };
		AE3872F22C998B9B00955FFC /* LicenseViewController.swift */ = {isa = PBXFileReference; lastKnownFileType = sourcecode.swift; path = LicenseViewController.swift; sourceTree = "<group>"; };
		AE3872F42C998BD000955FFC /* LicenseTableViewController.swift */ = {isa = PBXFileReference; lastKnownFileType = sourcecode.swift; path = LicenseTableViewController.swift; sourceTree = "<group>"; };
		AE3872F62C998BED00955FFC /* LicenseTableViewCell.swift */ = {isa = PBXFileReference; lastKnownFileType = sourcecode.swift; path = LicenseTableViewCell.swift; sourceTree = "<group>"; };
		AE3872FA2C998D2300955FFC /* CustomButton.swift */ = {isa = PBXFileReference; lastKnownFileType = sourcecode.swift; path = CustomButton.swift; sourceTree = "<group>"; };
		AE3872FC2C99B18A00955FFC /* LicenseData.swift */ = {isa = PBXFileReference; lastKnownFileType = sourcecode.swift; path = LicenseData.swift; sourceTree = "<group>"; };
		AE3872FE2C99C70900955FFC /* TapData.swift */ = {isa = PBXFileReference; lastKnownFileType = sourcecode.swift; path = TapData.swift; sourceTree = "<group>"; };
		AE7B3D2F2C45448B0015F7CD /* zh-Hans */ = {isa = PBXFileReference; lastKnownFileType = text.plist.strings; name = "zh-Hans"; path = "zh-Hans.lproj/Main.strings"; sourceTree = "<group>"; };
		AE7B3D302C45448B0015F7CD /* zh-Hans */ = {isa = PBXFileReference; lastKnownFileType = text.plist.strings; name = "zh-Hans"; path = "zh-Hans.lproj/LaunchScreen.strings"; sourceTree = "<group>"; };
		AE7B3D312C45448B0015F7CD /* zh-Hans */ = {isa = PBXFileReference; lastKnownFileType = text.plist.strings; name = "zh-Hans"; path = "zh-Hans.lproj/Localizable.strings"; sourceTree = "<group>"; };
		AE7B3D322C4545E00015F7CD /* ja */ = {isa = PBXFileReference; lastKnownFileType = text.plist.strings; name = ja; path = ja.lproj/Main.strings; sourceTree = "<group>"; };
		AE7B3D332C4545E00015F7CD /* ja */ = {isa = PBXFileReference; lastKnownFileType = text.plist.strings; name = ja; path = ja.lproj/LaunchScreen.strings; sourceTree = "<group>"; };
		AE7B3D342C4545E00015F7CD /* ja */ = {isa = PBXFileReference; lastKnownFileType = text.plist.strings; name = ja; path = ja.lproj/Localizable.strings; sourceTree = "<group>"; };
		AEA4DA3F2C1C8FFD007B714E /* Click&Count.app */ = {isa = PBXFileReference; explicitFileType = wrapper.application; includeInIndex = 0; path = "Click&Count.app"; sourceTree = BUILT_PRODUCTS_DIR; };
		AEA4DA422C1C8FFD007B714E /* AppDelegate.swift */ = {isa = PBXFileReference; lastKnownFileType = sourcecode.swift; path = AppDelegate.swift; sourceTree = "<group>"; };
		AEA4DA442C1C8FFD007B714E /* SceneDelegate.swift */ = {isa = PBXFileReference; lastKnownFileType = sourcecode.swift; path = SceneDelegate.swift; sourceTree = "<group>"; };
		AEA4DA462C1C8FFD007B714E /* TapeViewController.swift */ = {isa = PBXFileReference; lastKnownFileType = sourcecode.swift; path = TapeViewController.swift; sourceTree = "<group>"; };
		AEA4DA492C1C8FFD007B714E /* Base */ = {isa = PBXFileReference; lastKnownFileType = file.storyboard; name = Base; path = Base.lproj/Main.storyboard; sourceTree = "<group>"; };
		AEA4DA4B2C1C8FFF007B714E /* Assets.xcassets */ = {isa = PBXFileReference; lastKnownFileType = folder.assetcatalog; path = Assets.xcassets; sourceTree = "<group>"; };
		AEA4DA4E2C1C8FFF007B714E /* Base */ = {isa = PBXFileReference; lastKnownFileType = file.storyboard; name = Base; path = Base.lproj/LaunchScreen.storyboard; sourceTree = "<group>"; };
		AEA4DA502C1C8FFF007B714E /* Info.plist */ = {isa = PBXFileReference; lastKnownFileType = text.plist.xml; path = Info.plist; sourceTree = "<group>"; };
		AEA4DA562C1D1D17007B714E /* CountViewController.swift */ = {isa = PBXFileReference; lastKnownFileType = sourcecode.swift; path = CountViewController.swift; sourceTree = "<group>"; };
		AEA4DA582C1EF136007B714E /* CountTableViewController.swift */ = {isa = PBXFileReference; lastKnownFileType = sourcecode.swift; path = CountTableViewController.swift; sourceTree = "<group>"; };
		AEA4DA5A2C1EF270007B714E /* CountTableViewCell.swift */ = {isa = PBXFileReference; lastKnownFileType = sourcecode.swift; path = CountTableViewCell.swift; sourceTree = "<group>"; };
		AEA4DA5C2C1F0F8F007B714E /* SumTableViewController.swift */ = {isa = PBXFileReference; lastKnownFileType = sourcecode.swift; path = SumTableViewController.swift; sourceTree = "<group>"; };
		AEA4DA5E2C1F0FA2007B714E /* SumTableViewCell.swift */ = {isa = PBXFileReference; lastKnownFileType = sourcecode.swift; path = SumTableViewCell.swift; sourceTree = "<group>"; };
		AEDE0C492C99441300193531 /* pushing_a_key.mp3 */ = {isa = PBXFileReference; lastKnownFileType = audio.mp3; path = pushing_a_key.mp3; sourceTree = "<group>"; };
		AEDE0C4B2C9945E700193531 /* mobile_phone_C.mp3 */ = {isa = PBXFileReference; lastKnownFileType = audio.mp3; path = mobile_phone_C.mp3; sourceTree = "<group>"; };
/* End PBXFileReference section */

/* Begin PBXFrameworksBuildPhase section */
		AEA4DA3C2C1C8FFD007B714E /* Frameworks */ = {
			isa = PBXFrameworksBuildPhase;
			buildActionMask = 2147483647;
			files = (
			);
			runOnlyForDeploymentPostprocessing = 0;
		};
/* End PBXFrameworksBuildPhase section */

/* Begin PBXGroup section */
		AE0575112C512C5B00DC0D2A /* Model */ = {
			isa = PBXGroup;
			children = (
				AE3872FE2C99C70900955FFC /* TapData.swift */,
				AE3872FC2C99B18A00955FFC /* LicenseData.swift */,
				AE3872FA2C998D2300955FFC /* CustomButton.swift */,
				AE0575122C512CB200DC0D2A /* CustomSetup.swift */,
			);
			name = Model;
			sourceTree = "<group>";
		};
		AE0575142C525A5700DC0D2A /* View */ = {
			isa = PBXGroup;
			children = (
				AE0575152C525AF000DC0D2A /* walkTrack2.jpg */,
				AE0575172C525B1200DC0D2A /* NetworkConsole.jpg */,
				AE0575192C525B2B00DC0D2A /* voice.png */,
			);
			path = View;
			sourceTree = "<group>";
		};
		AEA4DA362C1C8FFD007B714E = {
			isa = PBXGroup;
			children = (
				AEA4DA412C1C8FFD007B714E /* Gesture */,
				AEA4DA402C1C8FFD007B714E /* Products */,
			);
			sourceTree = "<group>";
		};
		AEA4DA402C1C8FFD007B714E /* Products */ = {
			isa = PBXGroup;
			children = (
				AEA4DA3F2C1C8FFD007B714E /* Click&Count.app */,
			);
			name = Products;
			sourceTree = "<group>";
		};
		AEA4DA412C1C8FFD007B714E /* Gesture */ = {
			isa = PBXGroup;
			children = (
				AEDE0C482C9943FC00193531 /* Metials */,
				AE0575142C525A5700DC0D2A /* View */,
				AE0575112C512C5B00DC0D2A /* Model */,
				AEA4DA602C1F36D8007B714E /* ViewController */,
				AEA4DA422C1C8FFD007B714E /* AppDelegate.swift */,
				AEA4DA442C1C8FFD007B714E /* SceneDelegate.swift */,
				AEA4DA482C1C8FFD007B714E /* Main.storyboard */,
				AEA4DA4B2C1C8FFF007B714E /* Assets.xcassets */,
				AEA4DA4D2C1C8FFF007B714E /* LaunchScreen.storyboard */,
				AEA4DA502C1C8FFF007B714E /* Info.plist */,
				AE2EA9CE2C26E686009E58E7 /* Localizable.strings */,
			);
			path = Gesture;
			sourceTree = "<group>";
		};
		AEA4DA602C1F36D8007B714E /* ViewController */ = {
			isa = PBXGroup;
			children = (
				AEA4DA462C1C8FFD007B714E /* TapeViewController.swift */,
				AE0574F52C47EF6400DC0D2A /* SetupTableViewController.swift */,
				AEA4DA562C1D1D17007B714E /* CountViewController.swift */,
				AEA4DA582C1EF136007B714E /* CountTableViewController.swift */,
				AEA4DA5A2C1EF270007B714E /* CountTableViewCell.swift */,
				AEA4DA5C2C1F0F8F007B714E /* SumTableViewController.swift */,
				AEA4DA5E2C1F0FA2007B714E /* SumTableViewCell.swift */,
				AE3872F22C998B9B00955FFC /* LicenseViewController.swift */,
				AE3872F42C998BD000955FFC /* LicenseTableViewController.swift */,
				AE3872F62C998BED00955FFC /* LicenseTableViewCell.swift */,
			);
			name = ViewController;
			sourceTree = "<group>";
		};
		AEDE0C482C9943FC00193531 /* Metials */ = {
			isa = PBXGroup;
			children = (
				AEDE0C4B2C9945E700193531 /* mobile_phone_C.mp3 */,
				AEDE0C492C99441300193531 /* pushing_a_key.mp3 */,
			);
			path = Metials;
			sourceTree = "<group>";
		};
/* End PBXGroup section */

/* Begin PBXNativeTarget section */
		AEA4DA3E2C1C8FFD007B714E /* Click&Count */ = {
			isa = PBXNativeTarget;
			buildConfigurationList = AEA4DA532C1C8FFF007B714E /* Build configuration list for PBXNativeTarget "Click&Count" */;
			buildPhases = (
				AEA4DA3B2C1C8FFD007B714E /* Sources */,
				AEA4DA3C2C1C8FFD007B714E /* Frameworks */,
				AEA4DA3D2C1C8FFD007B714E /* Resources */,
			);
			buildRules = (
			);
			dependencies = (
			);
			name = "Click&Count";
			productName = Gesture;
			productReference = AEA4DA3F2C1C8FFD007B714E /* Click&Count.app */;
			productType = "com.apple.product-type.application";
		};
/* End PBXNativeTarget section */

/* Begin PBXProject section */
		AEA4DA372C1C8FFD007B714E /* Project object */ = {
			isa = PBXProject;
			attributes = {
				BuildIndependentTargetsInParallel = 1;
				LastSwiftUpdateCheck = 1540;
				LastUpgradeCheck = 1540;
				TargetAttributes = {
					AEA4DA3E2C1C8FFD007B714E = {
						CreatedOnToolsVersion = 15.4;
					};
				};
			};
			buildConfigurationList = AEA4DA3A2C1C8FFD007B714E /* Build configuration list for PBXProject "Click&Count" */;
			compatibilityVersion = "Xcode 14.0";
			developmentRegion = en;
			hasScannedForEncodings = 0;
			knownRegions = (
				en,
				Base,
				"zh-Hant",
				"zh-Hans",
				ja,
			);
			mainGroup = AEA4DA362C1C8FFD007B714E;
			productRefGroup = AEA4DA402C1C8FFD007B714E /* Products */;
			projectDirPath = "";
			projectRoot = "";
			targets = (
				AEA4DA3E2C1C8FFD007B714E /* Click&Count */,
			);
		};
/* End PBXProject section */

/* Begin PBXResourcesBuildPhase section */
		AEA4DA3D2C1C8FFD007B714E /* Resources */ = {
			isa = PBXResourcesBuildPhase;
			buildActionMask = 2147483647;
			files = (
				AEA4DA4C2C1C8FFF007B714E /* Assets.xcassets in Resources */,
				AE2EA9D02C26E686009E58E7 /* Localizable.strings in Resources */,
				AEA4DA4F2C1C8FFF007B714E /* Base in Resources */,
				AE05751A2C525B2B00DC0D2A /* voice.png in Resources */,
				AEDE0C4C2C9945E700193531 /* mobile_phone_C.mp3 in Resources */,
				AE0575162C525AF000DC0D2A /* walkTrack2.jpg in Resources */,
				AEDE0C4A2C99441300193531 /* pushing_a_key.mp3 in Resources */,
				AE0575182C525B1200DC0D2A /* NetworkConsole.jpg in Resources */,
				AEA4DA4A2C1C8FFD007B714E /* Base in Resources */,
			);
			runOnlyForDeploymentPostprocessing = 0;
		};
/* End PBXResourcesBuildPhase section */

/* Begin PBXSourcesBuildPhase section */
		AEA4DA3B2C1C8FFD007B714E /* Sources */ = {
			isa = PBXSourcesBuildPhase;
			buildActionMask = 2147483647;
			files = (
				AEA4DA572C1D1D17007B714E /* CountViewController.swift in Sources */,
				AEA4DA5F2C1F0FA2007B714E /* SumTableViewCell.swift in Sources */,
				AE3872F52C998BD000955FFC /* LicenseTableViewController.swift in Sources */,
				AE0574F62C47EF6400DC0D2A /* SetupTableViewController.swift in Sources */,
				AE3872FB2C998D2C00955FFC /* CustomButton.swift in Sources */,
				AE3872F32C998B9B00955FFC /* LicenseViewController.swift in Sources */,
				AEA4DA592C1EF136007B714E /* CountTableViewController.swift in Sources */,
				AE3872FF2C99C71000955FFC /* TapData.swift in Sources */,
				AEA4DA5D2C1F0F8F007B714E /* SumTableViewController.swift in Sources */,
				AEA4DA472C1C8FFD007B714E /* TapeViewController.swift in Sources */,
				AE0575132C512CB200DC0D2A /* CustomSetup.swift in Sources */,
				AEA4DA5B2C1EF270007B714E /* CountTableViewCell.swift in Sources */,
				AEA4DA432C1C8FFD007B714E /* AppDelegate.swift in Sources */,
				AEA4DA452C1C8FFD007B714E /* SceneDelegate.swift in Sources */,
				AE3872F72C998BED00955FFC /* LicenseTableViewCell.swift in Sources */,
				AE3872FD2C99B19800955FFC /* LicenseData.swift in Sources */,
			);
			runOnlyForDeploymentPostprocessing = 0;
		};
/* End PBXSourcesBuildPhase section */

/* Begin PBXVariantGroup section */
		AE2EA9CE2C26E686009E58E7 /* Localizable.strings */ = {
			isa = PBXVariantGroup;
			children = (
				AE2EA9CF2C26E686009E58E7 /* en */,
				AE2EA9D12C26E6AA009E58E7 /* zh-Hant */,
				AE7B3D312C45448B0015F7CD /* zh-Hans */,
				AE7B3D342C4545E00015F7CD /* ja */,
			);
			name = Localizable.strings;
			sourceTree = "<group>";
		};
		AEA4DA482C1C8FFD007B714E /* Main.storyboard */ = {
			isa = PBXVariantGroup;
			children = (
				AEA4DA492C1C8FFD007B714E /* Base */,
				AE2EA9C02C26D683009E58E7 /* zh-Hant */,
				AE2EA9C72C26DAF2009E58E7 /* en */,
				AE7B3D2F2C45448B0015F7CD /* zh-Hans */,
				AE7B3D322C4545E00015F7CD /* ja */,
			);
			name = Main.storyboard;
			sourceTree = "<group>";
		};
		AEA4DA4D2C1C8FFF007B714E /* LaunchScreen.storyboard */ = {
			isa = PBXVariantGroup;
			children = (
				AEA4DA4E2C1C8FFF007B714E /* Base */,
				AE2EA9C12C26D683009E58E7 /* zh-Hant */,
				AE2EA9C92C26DB19009E58E7 /* en */,
				AE7B3D302C45448B0015F7CD /* zh-Hans */,
				AE7B3D332C4545E00015F7CD /* ja */,
			);
			name = LaunchScreen.storyboard;
			sourceTree = "<group>";
		};
/* End PBXVariantGroup section */

/* Begin XCBuildConfiguration section */
		AEA4DA512C1C8FFF007B714E /* Debug */ = {
			isa = XCBuildConfiguration;
			buildSettings = {
				ALWAYS_SEARCH_USER_PATHS = NO;
				ASSETCATALOG_COMPILER_GENERATE_SWIFT_ASSET_SYMBOL_EXTENSIONS = YES;
				CLANG_ANALYZER_LOCALIZABILITY_NONLOCALIZED = YES;
				CLANG_ANALYZER_NONNULL = YES;
				CLANG_ANALYZER_NUMBER_OBJECT_CONVERSION = YES_AGGRESSIVE;
				CLANG_CXX_LANGUAGE_STANDARD = "gnu++20";
				CLANG_ENABLE_MODULES = YES;
				CLANG_ENABLE_OBJC_ARC = YES;
				CLANG_ENABLE_OBJC_WEAK = YES;
				CLANG_WARN_BLOCK_CAPTURE_AUTORELEASING = YES;
				CLANG_WARN_BOOL_CONVERSION = YES;
				CLANG_WARN_COMMA = YES;
				CLANG_WARN_CONSTANT_CONVERSION = YES;
				CLANG_WARN_DEPRECATED_OBJC_IMPLEMENTATIONS = YES;
				CLANG_WARN_DIRECT_OBJC_ISA_USAGE = YES_ERROR;
				CLANG_WARN_DOCUMENTATION_COMMENTS = YES;
				CLANG_WARN_EMPTY_BODY = YES;
				CLANG_WARN_ENUM_CONVERSION = YES;
				CLANG_WARN_INFINITE_RECURSION = YES;
				CLANG_WARN_INT_CONVERSION = YES;
				CLANG_WARN_NON_LITERAL_NULL_CONVERSION = YES;
				CLANG_WARN_OBJC_IMPLICIT_RETAIN_SELF = YES;
				CLANG_WARN_OBJC_LITERAL_CONVERSION = YES;
				CLANG_WARN_OBJC_ROOT_CLASS = YES_ERROR;
				CLANG_WARN_QUOTED_INCLUDE_IN_FRAMEWORK_HEADER = YES;
				CLANG_WARN_RANGE_LOOP_ANALYSIS = YES;
				CLANG_WARN_STRICT_PROTOTYPES = YES;
				CLANG_WARN_SUSPICIOUS_MOVE = YES;
				CLANG_WARN_UNGUARDED_AVAILABILITY = YES_AGGRESSIVE;
				CLANG_WARN_UNREACHABLE_CODE = YES;
				CLANG_WARN__DUPLICATE_METHOD_MATCH = YES;
				COPY_PHASE_STRIP = NO;
				DEBUG_INFORMATION_FORMAT = dwarf;
				ENABLE_STRICT_OBJC_MSGSEND = YES;
				ENABLE_TESTABILITY = YES;
				ENABLE_USER_SCRIPT_SANDBOXING = YES;
				GCC_C_LANGUAGE_STANDARD = gnu17;
				GCC_DYNAMIC_NO_PIC = NO;
				GCC_NO_COMMON_BLOCKS = YES;
				GCC_OPTIMIZATION_LEVEL = 0;
				GCC_PREPROCESSOR_DEFINITIONS = (
					"DEBUG=1",
					"$(inherited)",
				);
				GCC_WARN_64_TO_32_BIT_CONVERSION = YES;
				GCC_WARN_ABOUT_RETURN_TYPE = YES_ERROR;
				GCC_WARN_UNDECLARED_SELECTOR = YES;
				GCC_WARN_UNINITIALIZED_AUTOS = YES_AGGRESSIVE;
				GCC_WARN_UNUSED_FUNCTION = YES;
				GCC_WARN_UNUSED_VARIABLE = YES;
				IPHONEOS_DEPLOYMENT_TARGET = 15.6;
				LOCALIZATION_PREFERS_STRING_CATALOGS = YES;
				MTL_ENABLE_DEBUG_INFO = INCLUDE_SOURCE;
				MTL_FAST_MATH = YES;
				ONLY_ACTIVE_ARCH = YES;
				SDKROOT = iphoneos;
				SWIFT_ACTIVE_COMPILATION_CONDITIONS = "DEBUG $(inherited)";
				SWIFT_OPTIMIZATION_LEVEL = "-Onone";
			};
			name = Debug;
		};
		AEA4DA522C1C8FFF007B714E /* Release */ = {
			isa = XCBuildConfiguration;
			buildSettings = {
				ALWAYS_SEARCH_USER_PATHS = NO;
				ASSETCATALOG_COMPILER_GENERATE_SWIFT_ASSET_SYMBOL_EXTENSIONS = YES;
				CLANG_ANALYZER_LOCALIZABILITY_NONLOCALIZED = YES;
				CLANG_ANALYZER_NONNULL = YES;
				CLANG_ANALYZER_NUMBER_OBJECT_CONVERSION = YES_AGGRESSIVE;
				CLANG_CXX_LANGUAGE_STANDARD = "gnu++20";
				CLANG_ENABLE_MODULES = YES;
				CLANG_ENABLE_OBJC_ARC = YES;
				CLANG_ENABLE_OBJC_WEAK = YES;
				CLANG_WARN_BLOCK_CAPTURE_AUTORELEASING = YES;
				CLANG_WARN_BOOL_CONVERSION = YES;
				CLANG_WARN_COMMA = YES;
				CLANG_WARN_CONSTANT_CONVERSION = YES;
				CLANG_WARN_DEPRECATED_OBJC_IMPLEMENTATIONS = YES;
				CLANG_WARN_DIRECT_OBJC_ISA_USAGE = YES_ERROR;
				CLANG_WARN_DOCUMENTATION_COMMENTS = YES;
				CLANG_WARN_EMPTY_BODY = YES;
				CLANG_WARN_ENUM_CONVERSION = YES;
				CLANG_WARN_INFINITE_RECURSION = YES;
				CLANG_WARN_INT_CONVERSION = YES;
				CLANG_WARN_NON_LITERAL_NULL_CONVERSION = YES;
				CLANG_WARN_OBJC_IMPLICIT_RETAIN_SELF = YES;
				CLANG_WARN_OBJC_LITERAL_CONVERSION = YES;
				CLANG_WARN_OBJC_ROOT_CLASS = YES_ERROR;
				CLANG_WARN_QUOTED_INCLUDE_IN_FRAMEWORK_HEADER = YES;
				CLANG_WARN_RANGE_LOOP_ANALYSIS = YES;
				CLANG_WARN_STRICT_PROTOTYPES = YES;
				CLANG_WARN_SUSPICIOUS_MOVE = YES;
				CLANG_WARN_UNGUARDED_AVAILABILITY = YES_AGGRESSIVE;
				CLANG_WARN_UNREACHABLE_CODE = YES;
				CLANG_WARN__DUPLICATE_METHOD_MATCH = YES;
				COPY_PHASE_STRIP = NO;
				DEBUG_INFORMATION_FORMAT = "dwarf-with-dsym";
				ENABLE_NS_ASSERTIONS = NO;
				ENABLE_STRICT_OBJC_MSGSEND = YES;
				ENABLE_USER_SCRIPT_SANDBOXING = YES;
				GCC_C_LANGUAGE_STANDARD = gnu17;
				GCC_NO_COMMON_BLOCKS = YES;
				GCC_WARN_64_TO_32_BIT_CONVERSION = YES;
				GCC_WARN_ABOUT_RETURN_TYPE = YES_ERROR;
				GCC_WARN_UNDECLARED_SELECTOR = YES;
				GCC_WARN_UNINITIALIZED_AUTOS = YES_AGGRESSIVE;
				GCC_WARN_UNUSED_FUNCTION = YES;
				GCC_WARN_UNUSED_VARIABLE = YES;
				IPHONEOS_DEPLOYMENT_TARGET = 15.6;
				LOCALIZATION_PREFERS_STRING_CATALOGS = YES;
				MTL_ENABLE_DEBUG_INFO = NO;
				MTL_FAST_MATH = YES;
				SDKROOT = iphoneos;
				SWIFT_COMPILATION_MODE = wholemodule;
				VALIDATE_PRODUCT = YES;
			};
			name = Release;
		};
		AEA4DA542C1C8FFF007B714E /* Debug */ = {
			isa = XCBuildConfiguration;
			buildSettings = {
				ASSETCATALOG_COMPILER_APPICON_NAME = AppIcon;
				ASSETCATALOG_COMPILER_GLOBAL_ACCENT_COLOR_NAME = AccentColor;
				ASSETCATALOG_COMPILER_INCLUDE_ALL_APPICON_ASSETS = YES;
				CODE_SIGN_STYLE = Automatic;
				CURRENT_PROJECT_VERSION = 1;
				DEVELOPMENT_TEAM = 86A854TG2V;
				GENERATE_INFOPLIST_FILE = YES;
				INFOPLIST_FILE = Gesture/Info.plist;
				INFOPLIST_KEY_LSApplicationCategoryType = "public.app-category.utilities";
				INFOPLIST_KEY_UIApplicationSupportsIndirectInputEvents = YES;
				INFOPLIST_KEY_UILaunchStoryboardName = LaunchScreen;
				INFOPLIST_KEY_UIMainStoryboardFile = Main;
				INFOPLIST_KEY_UISupportedInterfaceOrientations = UIInterfaceOrientationPortrait;
				INFOPLIST_KEY_UISupportedInterfaceOrientations_iPad = "UIInterfaceOrientationLandscapeLeft UIInterfaceOrientationLandscapeRight UIInterfaceOrientationPortrait UIInterfaceOrientationPortraitUpsideDown";
				IPHONEOS_DEPLOYMENT_TARGET = 15.6;
				LD_RUNPATH_SEARCH_PATHS = (
					"$(inherited)",
					"@executable_path/Frameworks",
				);
				MARKETING_VERSION = 1.2;
				PRODUCT_BUNDLE_IDENTIFIER = com.purplvampire.Gesture;
				PRODUCT_NAME = "$(TARGET_NAME)";
				SUPPORTED_PLATFORMS = "iphoneos iphonesimulator";
				SUPPORTS_MACCATALYST = NO;
				SUPPORTS_MAC_DESIGNED_FOR_IPHONE_IPAD = NO;
				SUPPORTS_XR_DESIGNED_FOR_IPHONE_IPAD = NO;
				SWIFT_EMIT_LOC_STRINGS = YES;
				SWIFT_VERSION = 5.0;
				TARGETED_DEVICE_FAMILY = 1;
			};
			name = Debug;
		};
		AEA4DA552C1C8FFF007B714E /* Release */ = {
			isa = XCBuildConfiguration;
			buildSettings = {
				ASSETCATALOG_COMPILER_APPICON_NAME = AppIcon;
				ASSETCATALOG_COMPILER_GLOBAL_ACCENT_COLOR_NAME = AccentColor;
				ASSETCATALOG_COMPILER_INCLUDE_ALL_APPICON_ASSETS = YES;
				CODE_SIGN_STYLE = Automatic;
				CURRENT_PROJECT_VERSION = 1;
				DEVELOPMENT_TEAM = 86A854TG2V;
				GENERATE_INFOPLIST_FILE = YES;
				INFOPLIST_FILE = Gesture/Info.plist;
				INFOPLIST_KEY_LSApplicationCategoryType = "public.app-category.utilities";
				INFOPLIST_KEY_UIApplicationSupportsIndirectInputEvents = YES;
				INFOPLIST_KEY_UILaunchStoryboardName = LaunchScreen;
				INFOPLIST_KEY_UIMainStoryboardFile = Main;
				INFOPLIST_KEY_UISupportedInterfaceOrientations = UIInterfaceOrientationPortrait;
				INFOPLIST_KEY_UISupportedInterfaceOrientations_iPad = "UIInterfaceOrientationLandscapeLeft UIInterfaceOrientationLandscapeRight UIInterfaceOrientationPortrait UIInterfaceOrientationPortraitUpsideDown";
				IPHONEOS_DEPLOYMENT_TARGET = 15.6;
				LD_RUNPATH_SEARCH_PATHS = (
					"$(inherited)",
					"@executable_path/Frameworks",
				);
				MARKETING_VERSION = 1.2;
				PRODUCT_BUNDLE_IDENTIFIER = "com.purplvampire.Click-Count";
				PRODUCT_NAME = "$(TARGET_NAME)";
				SUPPORTED_PLATFORMS = "iphoneos iphonesimulator";
				SUPPORTS_MACCATALYST = NO;
				SUPPORTS_MAC_DESIGNED_FOR_IPHONE_IPAD = NO;
				SUPPORTS_XR_DESIGNED_FOR_IPHONE_IPAD = NO;
				SWIFT_EMIT_LOC_STRINGS = YES;
				SWIFT_VERSION = 5.0;
				TARGETED_DEVICE_FAMILY = 1;
			};
			name = Release;
		};
/* End XCBuildConfiguration section */

/* Begin XCConfigurationList section */
		AEA4DA3A2C1C8FFD007B714E /* Build configuration list for PBXProject "Click&Count" */ = {
			isa = XCConfigurationList;
			buildConfigurations = (
				AEA4DA512C1C8FFF007B714E /* Debug */,
				AEA4DA522C1C8FFF007B714E /* Release */,
			);
			defaultConfigurationIsVisible = 0;
			defaultConfigurationName = Release;
		};
		AEA4DA532C1C8FFF007B714E /* Build configuration list for PBXNativeTarget "Click&Count" */ = {
			isa = XCConfigurationList;
			buildConfigurations = (
				AEA4DA542C1C8FFF007B714E /* Debug */,
				AEA4DA552C1C8FFF007B714E /* Release */,
			);
			defaultConfigurationIsVisible = 0;
			defaultConfigurationName = Release;
		};
/* End XCConfigurationList section */
	};
	rootObject = AEA4DA372C1C8FFD007B714E /* Project object */;
}
